// !$*UTF8*$!
{
	archiveVersion = 1;
	classes = {
	};
	objectVersion = 56;
	objects = {

/* Begin PBXBuildFile section */
		ABAB7D1829B6371200BF6B32 /* NASA_APODApp.swift in Sources */ = {isa = PBXBuildFile; fileRef = ABAB7D1729B6371200BF6B32 /* NASA_APODApp.swift */; };
		ABAB7D1A29B6371200BF6B32 /* ContentView.swift in Sources */ = {isa = PBXBuildFile; fileRef = ABAB7D1929B6371200BF6B32 /* ContentView.swift */; };
		ABAB7D1C29B6371300BF6B32 /* Assets.xcassets in Resources */ = {isa = PBXBuildFile; fileRef = ABAB7D1B29B6371300BF6B32 /* Assets.xcassets */; };
		ABAB7D1F29B6371300BF6B32 /* Preview Assets.xcassets in Resources */ = {isa = PBXBuildFile; fileRef = ABAB7D1E29B6371300BF6B32 /* Preview Assets.xcassets */; };
		ABAB7D2629B6375400BF6B32 /* API_key.swift in Sources */ = {isa = PBXBuildFile; fileRef = ABAB7D2529B6375400BF6B32 /* API_key.swift */; };
		ABAB7D2829B6395A00BF6B32 /* NASA_API.swift in Sources */ = {isa = PBXBuildFile; fileRef = ABAB7D2729B6395A00BF6B32 /* NASA_API.swift */; };
		ABE2E81229CB2E1E00A664B1 /* viewModel.swift in Sources */ = {isa = PBXBuildFile; fileRef = ABE2E81129CB2E1E00A664B1 /* viewModel.swift */; };
/* End PBXBuildFile section */

/* Begin PBXFileReference section */
		ABAB7D1429B6371200BF6B32 /* NASA APOD.app */ = {isa = PBXFileReference; explicitFileType = wrapper.application; includeInIndex = 0; path = "NASA APOD.app"; sourceTree = BUILT_PRODUCTS_DIR; };
		ABAB7D1729B6371200BF6B32 /* NASA_APODApp.swift */ = {isa = PBXFileReference; lastKnownFileType = sourcecode.swift; path = NASA_APODApp.swift; sourceTree = "<group>"; };
		ABAB7D1929B6371200BF6B32 /* ContentView.swift */ = {isa = PBXFileReference; lastKnownFileType = sourcecode.swift; path = ContentView.swift; sourceTree = "<group>"; };
		ABAB7D1B29B6371300BF6B32 /* Assets.xcassets */ = {isa = PBXFileReference; lastKnownFileType = folder.assetcatalog; path = Assets.xcassets; sourceTree = "<group>"; };
		ABAB7D1E29B6371300BF6B32 /* Preview Assets.xcassets */ = {isa = PBXFileReference; lastKnownFileType = folder.assetcatalog; path = "Preview Assets.xcassets"; sourceTree = "<group>"; };
		ABAB7D2529B6375400BF6B32 /* API_key.swift */ = {isa = PBXFileReference; lastKnownFileType = sourcecode.swift; path = API_key.swift; sourceTree = "<group>"; };
		ABAB7D2729B6395A00BF6B32 /* NASA_API.swift */ = {isa = PBXFileReference; lastKnownFileType = sourcecode.swift; path = NASA_API.swift; sourceTree = "<group>"; };
		ABE2E81129CB2E1E00A664B1 /* viewModel.swift */ = {isa = PBXFileReference; lastKnownFileType = sourcecode.swift; path = viewModel.swift; sourceTree = "<group>"; };
/* End PBXFileReference section */

/* Begin PBXFrameworksBuildPhase section */
		ABAB7D1129B6371200BF6B32 /* Frameworks */ = {
			isa = PBXFrameworksBuildPhase;
			buildActionMask = 2147483647;
			files = (
			);
			runOnlyForDeploymentPostprocessing = 0;
		};
/* End PBXFrameworksBuildPhase section */

/* Begin PBXGroup section */
		ABAB7D0B29B6371200BF6B32 = {
			isa = PBXGroup;
			children = (
				ABE2E81129CB2E1E00A664B1 /* viewModel.swift */,
				ABAB7D1629B6371200BF6B32 /* NASA APOD */,
				ABAB7D1529B6371200BF6B32 /* Products */,
			);
			sourceTree = "<group>";
		};
		ABAB7D1529B6371200BF6B32 /* Products */ = {
			isa = PBXGroup;
			children = (
				ABAB7D1429B6371200BF6B32 /* NASA APOD.app */,
			);
			name = Products;
			sourceTree = "<group>";
		};
		ABAB7D1629B6371200BF6B32 /* NASA APOD */ = {
			isa = PBXGroup;
			children = (
				ABAB7D1729B6371200BF6B32 /* NASA_APODApp.swift */,
				ABAB7D1929B6371200BF6B32 /* ContentView.swift */,
				ABAB7D2529B6375400BF6B32 /* API_key.swift */,
				ABAB7D2729B6395A00BF6B32 /* NASA_API.swift */,
				ABAB7D1B29B6371300BF6B32 /* Assets.xcassets */,
				ABAB7D1D29B6371300BF6B32 /* Preview Content */,
			);
			path = "NASA APOD";
			sourceTree = "<group>";
		};
		ABAB7D1D29B6371300BF6B32 /* Preview Content */ = {
			isa = PBXGroup;
			children = (
				ABAB7D1E29B6371300BF6B32 /* Preview Assets.xcassets */,
			);
			path = "Preview Content";
			sourceTree = "<group>";
		};
/* End PBXGroup section */

/* Begin PBXNativeTarget section */
		ABAB7D1329B6371200BF6B32 /* NASA APOD */ = {
			isa = PBXNativeTarget;
			buildConfigurationList = ABAB7D2229B6371300BF6B32 /* Build configuration list for PBXNativeTarget "NASA APOD" */;
			buildPhases = (
				ABAB7D1029B6371200BF6B32 /* Sources */,
				ABAB7D1129B6371200BF6B32 /* Frameworks */,
				ABAB7D1229B6371200BF6B32 /* Resources */,
			);
			buildRules = (
			);
			dependencies = (
			);
			name = "NASA APOD";
			productName = "NASA APOD";
			productReference = ABAB7D1429B6371200BF6B32 /* NASA APOD.app */;
			productType = "com.apple.product-type.application";
		};
/* End PBXNativeTarget section */

/* Begin PBXProject section */
		ABAB7D0C29B6371200BF6B32 /* Project object */ = {
			isa = PBXProject;
			attributes = {
				BuildIndependentTargetsInParallel = 1;
				LastSwiftUpdateCheck = 1420;
				LastUpgradeCheck = 1420;
				TargetAttributes = {
					ABAB7D1329B6371200BF6B32 = {
						CreatedOnToolsVersion = 14.2;
					};
				};
			};
			buildConfigurationList = ABAB7D0F29B6371200BF6B32 /* Build configuration list for PBXProject "NASA APOD" */;
			compatibilityVersion = "Xcode 14.0";
			developmentRegion = en;
			hasScannedForEncodings = 0;
			knownRegions = (
				en,
				Base,
			);
			mainGroup = ABAB7D0B29B6371200BF6B32;
			productRefGroup = ABAB7D1529B6371200BF6B32 /* Products */;
			projectDirPath = "";
			projectRoot = "";
			targets = (
				ABAB7D1329B6371200BF6B32 /* NASA APOD */,
			);
		};
/* End PBXProject section */

/* Begin PBXResourcesBuildPhase section */
		ABAB7D1229B6371200BF6B32 /* Resources */ = {
			isa = PBXResourcesBuildPhase;
			buildActionMask = 2147483647;
			files = (
				ABAB7D1F29B6371300BF6B32 /* Preview Assets.xcassets in Resources */,
				ABAB7D1C29B6371300BF6B32 /* Assets.xcassets in Resources */,
			);
			runOnlyForDeploymentPostprocessing = 0;
		};
/* End PBXResourcesBuildPhase section */

/* Begin PBXSourcesBuildPhase section */
		ABAB7D1029B6371200BF6B32 /* Sources */ = {
			isa = PBXSourcesBuildPhase;
			buildActionMask = 2147483647;
			files = (
				ABAB7D1A29B6371200BF6B32 /* ContentView.swift in Sources */,
				ABAB7D2829B6395A00BF6B32 /* NASA_API.swift in Sources */,
				ABAB7D2629B6375400BF6B32 /* API_key.swift in Sources */,
				ABE2E81229CB2E1E00A664B1 /* viewModel.swift in Sources */,
				ABAB7D1829B6371200BF6B32 /* NASA_APODApp.swift in Sources */,
			);
			runOnlyForDeploymentPostprocessing = 0;
		};
/* End PBXSourcesBuildPhase section */

/* Begin XCBuildConfiguration section */
		ABAB7D2029B6371300BF6B32 /* Debug */ = {
			isa = XCBuildConfiguration;
			buildSettings = {
				ALWAYS_SEARCH_USER_PATHS = NO;
				CLANG_ANALYZER_NONNULL = YES;
				CLANG_ANALYZER_NUMBER_OBJECT_CONVERSION = YES_AGGRESSIVE;
				CLANG_CXX_LANGUAGE_STANDARD = "gnu++20";
				CLANG_ENABLE_MODULES = YES;
				CLANG_ENABLE_OBJC_ARC = YES;
				CLANG_ENABLE_OBJC_WEAK = YES;
				CLANG_WARN_BLOCK_CAPTURE_AUTORELEASING = YES;
				CLANG_WARN_BOOL_CONVERSION = YES;
				CLANG_WARN_COMMA = YES;
				CLANG_WARN_CONSTANT_CONVERSION = YES;
				CLANG_WARN_DEPRECATED_OBJC_IMPLEMENTATIONS = YES;
				CLANG_WARN_DIRECT_OBJC_ISA_USAGE = YES_ERROR;
				CLANG_WARN_DOCUMENTATION_COMMENTS = YES;
				CLANG_WARN_EMPTY_BODY = YES;
				CLANG_WARN_ENUM_CONVERSION = YES;
				CLANG_WARN_INFINITE_RECURSION = YES;
				CLANG_WARN_INT_CONVERSION = YES;
				CLANG_WARN_NON_LITERAL_NULL_CONVERSION = YES;
				CLANG_WARN_OBJC_IMPLICIT_RETAIN_SELF = YES;
				CLANG_WARN_OBJC_LITERAL_CONVERSION = YES;
				CLANG_WARN_OBJC_ROOT_CLASS = YES_ERROR;
				CLANG_WARN_QUOTED_INCLUDE_IN_FRAMEWORK_HEADER = YES;
				CLANG_WARN_RANGE_LOOP_ANALYSIS = YES;
				CLANG_WARN_STRICT_PROTOTYPES = YES;
				CLANG_WARN_SUSPICIOUS_MOVE = YES;
				CLANG_WARN_UNGUARDED_AVAILABILITY = YES_AGGRESSIVE;
				CLANG_WARN_UNREACHABLE_CODE = YES;
				CLANG_WARN__DUPLICATE_METHOD_MATCH = YES;
				COPY_PHASE_STRIP = NO;
				DEBUG_INFORMATION_FORMAT = dwarf;
				ENABLE_STRICT_OBJC_MSGSEND = YES;
				ENABLE_TESTABILITY = YES;
				GCC_C_LANGUAGE_STANDARD = gnu11;
				GCC_DYNAMIC_NO_PIC = NO;
				GCC_NO_COMMON_BLOCKS = YES;
				GCC_OPTIMIZATION_LEVEL = 0;
				GCC_PREPROCESSOR_DEFINITIONS = (
					"DEBUG=1",
					"$(inherited)",
				);
				GCC_WARN_64_TO_32_BIT_CONVERSION = YES;
				GCC_WARN_ABOUT_RETURN_TYPE = YES_ERROR;
				GCC_WARN_UNDECLARED_SELECTOR = YES;
				GCC_WARN_UNINITIALIZED_AUTOS = YES_AGGRESSIVE;
				GCC_WARN_UNUSED_FUNCTION = YES;
				GCC_WARN_UNUSED_VARIABLE = YES;
				IPHONEOS_DEPLOYMENT_TARGET = 16.2;
				MTL_ENABLE_DEBUG_INFO = INCLUDE_SOURCE;
				MTL_FAST_MATH = YES;
				ONLY_ACTIVE_ARCH = YES;
				SDKROOT = iphoneos;
				SWIFT_ACTIVE_COMPILATION_CONDITIONS = DEBUG;
				SWIFT_OPTIMIZATION_LEVEL = "-Onone";
			};
			name = Debug;
		};
		ABAB7D2129B6371300BF6B32 /* Release */ = {
			isa = XCBuildConfiguration;
			buildSettings = {
				ALWAYS_SEARCH_USER_PATHS = NO;
				CLANG_ANALYZER_NONNULL = YES;
				CLANG_ANALYZER_NUMBER_OBJECT_CONVERSION = YES_AGGRESSIVE;
				CLANG_CXX_LANGUAGE_STANDARD = "gnu++20";
				CLANG_ENABLE_MODULES = YES;
				CLANG_ENABLE_OBJC_ARC = YES;
				CLANG_ENABLE_OBJC_WEAK = YES;
				CLANG_WARN_BLOCK_CAPTURE_AUTORELEASING = YES;
				CLANG_WARN_BOOL_CONVERSION = YES;
				CLANG_WARN_COMMA = YES;
				CLANG_WARN_CONSTANT_CONVERSION = YES;
				CLANG_WARN_DEPRECATED_OBJC_IMPLEMENTATIONS = YES;
				CLANG_WARN_DIRECT_OBJC_ISA_USAGE = YES_ERROR;
				CLANG_WARN_DOCUMENTATION_COMMENTS = YES;
				CLANG_WARN_EMPTY_BODY = YES;
				CLANG_WARN_ENUM_CONVERSION = YES;
				CLANG_WARN_INFINITE_RECURSION = YES;
				CLANG_WARN_INT_CONVERSION = YES;
				CLANG_WARN_NON_LITERAL_NULL_CONVERSION = YES;
				CLANG_WARN_OBJC_IMPLICIT_RETAIN_SELF = YES;
				CLANG_WARN_OBJC_LITERAL_CONVERSION = YES;
				CLANG_WARN_OBJC_ROOT_CLASS = YES_ERROR;
				CLANG_WARN_QUOTED_INCLUDE_IN_FRAMEWORK_HEADER = YES;
				CLANG_WARN_RANGE_LOOP_ANALYSIS = YES;
				CLANG_WARN_STRICT_PROTOTYPES = YES;
				CLANG_WARN_SUSPICIOUS_MOVE = YES;
				CLANG_WARN_UNGUARDED_AVAILABILITY = YES_AGGRESSIVE;
				CLANG_WARN_UNREACHABLE_CODE = YES;
				CLANG_WARN__DUPLICATE_METHOD_MATCH = YES;
				COPY_PHASE_STRIP = NO;
				DEBUG_INFORMATION_FORMAT = "dwarf-with-dsym";
				ENABLE_NS_ASSERTIONS = NO;
				ENABLE_STRICT_OBJC_MSGSEND = YES;
				GCC_C_LANGUAGE_STANDARD = gnu11;
				GCC_NO_COMMON_BLOCKS = YES;
				GCC_WARN_64_TO_32_BIT_CONVERSION = YES;
				GCC_WARN_ABOUT_RETURN_TYPE = YES_ERROR;
				GCC_WARN_UNDECLARED_SELECTOR = YES;
				GCC_WARN_UNINITIALIZED_AUTOS = YES_AGGRESSIVE;
				GCC_WARN_UNUSED_FUNCTION = YES;
				GCC_WARN_UNUSED_VARIABLE = YES;
				IPHONEOS_DEPLOYMENT_TARGET = 16.2;
				MTL_ENABLE_DEBUG_INFO = NO;
				MTL_FAST_MATH = YES;
				SDKROOT = iphoneos;
				SWIFT_COMPILATION_MODE = wholemodule;
				SWIFT_OPTIMIZATION_LEVEL = "-O";
				VALIDATE_PRODUCT = YES;
			};
			name = Release;
		};
		ABAB7D2329B6371300BF6B32 /* Debug */ = {
			isa = XCBuildConfiguration;
			buildSettings = {
				ASSETCATALOG_COMPILER_APPICON_NAME = AppIcon;
				ASSETCATALOG_COMPILER_GLOBAL_ACCENT_COLOR_NAME = AccentColor;
				CODE_SIGN_STYLE = Automatic;
				CURRENT_PROJECT_VERSION = 1;
				DEVELOPMENT_ASSET_PATHS = "\"NASA APOD/Preview Content\"";
				DEVELOPMENT_TEAM = 5FUL3K5G3L;
				ENABLE_PREVIEWS = YES;
				GENERATE_INFOPLIST_FILE = YES;
				INFOPLIST_KEY_UIApplicationSceneManifest_Generation = YES;
				INFOPLIST_KEY_UIApplicationSupportsIndirectInputEvents = YES;
				INFOPLIST_KEY_UILaunchScreen_Generation = YES;
				INFOPLIST_KEY_UISupportedInterfaceOrientations_iPad = "UIInterfaceOrientationPortrait UIInterfaceOrientationPortraitUpsideDown UIInterfaceOrientationLandscapeLeft UIInterfaceOrientationLandscapeRight";
				INFOPLIST_KEY_UISupportedInterfaceOrientations_iPhone = "UIInterfaceOrientationPortrait UIInterfaceOrientationLandscapeLeft UIInterfaceOrientationLandscapeRight";
				LD_RUNPATH_SEARCH_PATHS = (
					"$(inherited)",
					"@executable_path/Frameworks",
				);
				MARKETING_VERSION = 1.0;
				PRODUCT_BUNDLE_IDENTIFIER = "NASA-API-projekt.NASA-APOD";
				PRODUCT_NAME = "$(TARGET_NAME)";
				SWIFT_EMIT_LOC_STRINGS = YES;
				SWIFT_VERSION = 5.0;
				TARGETED_DEVICE_FAMILY = "1,2";
			};
			name = Debug;
		};
		ABAB7D2429B6371300BF6B32 /* Release */ = {
			isa = XCBuildConfiguration;
			buildSettings = {
				ASSETCATALOG_COMPILER_APPICON_NAME = AppIcon;
				ASSETCATALOG_COMPILER_GLOBAL_ACCENT_COLOR_NAME = AccentColor;
				CODE_SIGN_STYLE = Automatic;
				CURRENT_PROJECT_VERSION = 1;
				DEVELOPMENT_ASSET_PATHS = "\"NASA APOD/Preview Content\"";
				DEVELOPMENT_TEAM = 5FUL3K5G3L;
				ENABLE_PREVIEWS = YES;
				GENERATE_INFOPLIST_FILE = YES;
				INFOPLIST_KEY_UIApplicationSceneManifest_Generation = YES;
				INFOPLIST_KEY_UIApplicationSupportsIndirectInputEvents = YES;
				INFOPLIST_KEY_UILaunchScreen_Generation = YES;
				INFOPLIST_KEY_UISupportedInterfaceOrientations_iPad = "UIInterfaceOrientationPortrait UIInterfaceOrientationPortraitUpsideDown UIInterfaceOrientationLandscapeLeft UIInterfaceOrientationLandscapeRight";
				INFOPLIST_KEY_UISupportedInterfaceOrientations_iPhone = "UIInterfaceOrientationPortrait UIInterfaceOrientationLandscapeLeft UIInterfaceOrientationLandscapeRight";
				LD_RUNPATH_SEARCH_PATHS = (
					"$(inherited)",
					"@executable_path/Frameworks",
				);
				MARKETING_VERSION = 1.0;
				PRODUCT_BUNDLE_IDENTIFIER = "NASA-API-projekt.NASA-APOD";
				PRODUCT_NAME = "$(TARGET_NAME)";
				SWIFT_EMIT_LOC_STRINGS = YES;
				SWIFT_VERSION = 5.0;
				TARGETED_DEVICE_FAMILY = "1,2";
			};
			name = Release;
		};
/* End XCBuildConfiguration section */

/* Begin XCConfigurationList section */
		ABAB7D0F29B6371200BF6B32 /* Build configuration list for PBXProject "NASA APOD" */ = {
			isa = XCConfigurationList;
			buildConfigurations = (
				ABAB7D2029B6371300BF6B32 /* Debug */,
				ABAB7D2129B6371300BF6B32 /* Release */,
			);
			defaultConfigurationIsVisible = 0;
			defaultConfigurationName = Release;
		};
		ABAB7D2229B6371300BF6B32 /* Build configuration list for PBXNativeTarget "NASA APOD" */ = {
			isa = XCConfigurationList;
			buildConfigurations = (
				ABAB7D2329B6371300BF6B32 /* Debug */,
				ABAB7D2429B6371300BF6B32 /* Release */,
			);
			defaultConfigurationIsVisible = 0;
			defaultConfigurationName = Release;
		};
/* End XCConfigurationList section */
	};
	rootObject = ABAB7D0C29B6371200BF6B32 /* Project object */;
}
